
Microsoft Visual Studio Solution File, Format Version 12.00
# Visual Studio 15
VisualStudioVersion = 15.0.28307.902
MinimumVisualStudioVersion = 10.0.40219.1
Project("{FAE04EC0-301F-11D3-BF4B-00C04F79EFBC}") = "SteamMonitor", "SteamMonitor\SteamMonitor.csproj", "{E84FEFB0-7E7B-46A6-9EA4-09CB2A09A56A}"
EndProject
Project("{2150E333-8FDC-42A3-9474-1A3956D46DE8}") = "Solution Items", "Solution Items", "{2D04E22A-AAD7-40BD-BD67-21E958AB8FEE}"
	ProjectSection(SolutionItems) = preProject
		README.md = README.md
	EndProjectSection
EndProject
Global
	GlobalSection(SolutionConfigurationPlatforms) = preSolution
		Debug|Any CPU = Debug|Any CPU
		Release|Any CPU = Release|Any CPU
	EndGlobalSection
	GlobalSection(ProjectConfigurationPlatforms) = postSolution
		{E84FEFB0-7E7B-46A6-9EA4-09CB2A09A56A}.Debug|Any CPU.ActiveCfg = Debug|Any CPU
		{E84FEFB0-7E7B-46A6-9EA4-09CB2A09A56A}.Debug|Any CPU.Build.0 = Debug|Any CPU
		{E84FEFB0-7E7B-46A6-9EA4-09CB2A09A56A}.Release|Any CPU.ActiveCfg = Release|Any CPU
		{E84FEFB0-7E7B-46A6-9EA4-09CB2A09A56A}.Release|Any CPU.Build.0 = Release|Any CPU
	EndGlobalSection
	GlobalSection(SolutionProperties) = preSolution
		HideSolutionNode = FALSE
	EndGlobalSection
	GlobalSection(ExtensibilityGlobals) = postSolution
		SolutionGuid = {9887CCCE-074A-47C1-8CA5-95D9D2669599}
	EndGlobalSection
EndGlobal
